{
  "version": 4,
  "terraform_version": "1.9.3",
  "serial": 16,
  "lineage": "6380cdae-c4b4-1efc-555a-a74020c06554",
  "outputs": {},
  "resources": [
    {
      "mode": "managed",
      "type": "digitalocean_database_cluster",
      "name": "db-cluster",
      "provider": "provider[\"registry.terraform.io/digitalocean/digitalocean\"]",
      "instances": [
        {
          "schema_version": 0,
          "attributes": {
            "backup_restore": [],
            "database": "defaultdb",
            "engine": "pg",
            "eviction_policy": null,
            "host": "pass-in-cluster-do-user-8642991-0.b.db.ondigitalocean.com",
            "id": "4f923ee1-28b0-4595-9863-dd9bb946dbe2",
            "maintenance_window": [],
            "name": "pass-in-cluster",
            "node_count": 1,
            "password": "",
            "port": 25060,
            "private_host": "private-pass-in-cluster-do-user-8642991-0.b.db.ondigitalocean.com",
            "private_network_uuid": "f15ef977-e42d-4ba1-8121-4563b50b7ec4",
            "private_uri": "postgresql://doadmin:@private-pass-in-cluster-do-user-8642991-0.b.db.ondigitalocean.com:25060/defaultdb?sslmode=require",
            "project_id": "25d1cbd4-8a72-42da-8edb-6bb04c37cc55",
            "region": "nyc1",
            "size": "db-s-1vcpu-1gb",
            "sql_mode": null,
            "storage_size_mib": "10240",
            "tags": [],
            "timeouts": null,
            "uri": "postgresql://doadmin:@pass-in-cluster-do-user-8642991-0.b.db.ondigitalocean.com:25060/defaultdb?sslmode=require",
            "urn": "do:dbaas:4f923ee1-28b0-4595-9863-dd9bb946dbe2",
            "user": "doadmin",
            "version": "16"
          },
          "sensitive_attributes": [
            [
              {
                "type": "get_attr",
                "value": "uri"
              }
            ],
            [
              {
                "type": "get_attr",
                "value": "password"
              }
            ],
            [
              {
                "type": "get_attr",
                "value": "private_uri"
              }
            ]
          ],
          "private": "eyJlMmJmYjczMC1lY2FhLTExZTYtOGY4OC0zNDM2M2JjN2M0YzAiOnsiY3JlYXRlIjoxODAwMDAwMDAwMDAwfX0="
        }
      ]
    },
    {
      "mode": "managed",
      "type": "digitalocean_database_db",
      "name": "db-name",
      "provider": "provider[\"registry.terraform.io/digitalocean/digitalocean\"]",
      "instances": [
        {
          "schema_version": 0,
          "attributes": {
            "cluster_id": "4f923ee1-28b0-4595-9863-dd9bb946dbe2",
            "id": "4f923ee1-28b0-4595-9863-dd9bb946dbe2/database/pass-in-cluster",
            "name": "pass-in-cluster"
          },
          "sensitive_attributes": [],
          "private": "bnVsbA==",
          "dependencies": [
            "digitalocean_database_cluster.db-cluster"
          ]
        }
      ]
    }
  ],
  "check_results": null
}
